
Microsoft Visual Studio Solution File, Format Version 12.00
# Visual Studio Version 17
VisualStudioVersion = 17.0.31903.59
MinimumVisualStudioVersion = 10.0.40219.1
Project("{2150E333-8FDC-42A3-9474-1A3956D46DE8}") = "ProductService", "ProductService", "{72750A1E-94C1-4A6C-9526-EBCE2F8CF003}"
EndProject
Project("{FAE04EC0-301F-11D3-BF4B-00C04F79EFBC}") = "ProductService", "ProductService\ProductService.csproj", "{3ED5C99B-157C-4D31-BB80-29CB0E4B856C}"
EndProject
Project("{2150E333-8FDC-42A3-9474-1A3956D46DE8}") = "NotificationService", "NotificationService", "{AAD67273-A286-45DE-8C08-8BFB80A0C9F7}"
EndProject
Project("{FAE04EC0-301F-11D3-BF4B-00C04F79EFBC}") = "NotificationService", "NotificationService\NotificationService.csproj", "{50D0BF05-8E4B-4E6F-89BC-C4B8D2C2A93B}"
EndProject
Project("{2150E333-8FDC-42A3-9474-1A3956D46DE8}") = "OrderService", "OrderService", "{11CA1841-E9EF-4804-8811-D3C873439F61}"
EndProject
Project("{FAE04EC0-301F-11D3-BF4B-00C04F79EFBC}") = "OrderService", "OrderService\OrderService.csproj", "{5343622F-8E0C-4E95-B392-37808F2F6D23}"
EndProject
Project("{2150E333-8FDC-42A3-9474-1A3956D46DE8}") = "UserService", "UserService", "{E142667C-BB01-46F1-894C-88E44036B434}"
EndProject
Project("{FAE04EC0-301F-11D3-BF4B-00C04F79EFBC}") = "UserService", "UserService\UserService.csproj", "{9543DE94-510E-44D9-ACAF-44742479A9AA}"
EndProject
Global
	GlobalSection(SolutionConfigurationPlatforms) = preSolution
		Debug|Any CPU = Debug|Any CPU
		Release|Any CPU = Release|Any CPU
	EndGlobalSection
	GlobalSection(SolutionProperties) = preSolution
		HideSolutionNode = FALSE
	EndGlobalSection
	GlobalSection(ProjectConfigurationPlatforms) = postSolution
		{3ED5C99B-157C-4D31-BB80-29CB0E4B856C}.Debug|Any CPU.ActiveCfg = Debug|Any CPU
		{3ED5C99B-157C-4D31-BB80-29CB0E4B856C}.Debug|Any CPU.Build.0 = Debug|Any CPU
		{3ED5C99B-157C-4D31-BB80-29CB0E4B856C}.Release|Any CPU.ActiveCfg = Release|Any CPU
		{3ED5C99B-157C-4D31-BB80-29CB0E4B856C}.Release|Any CPU.Build.0 = Release|Any CPU
		{50D0BF05-8E4B-4E6F-89BC-C4B8D2C2A93B}.Debug|Any CPU.ActiveCfg = Debug|Any CPU
		{50D0BF05-8E4B-4E6F-89BC-C4B8D2C2A93B}.Debug|Any CPU.Build.0 = Debug|Any CPU
		{50D0BF05-8E4B-4E6F-89BC-C4B8D2C2A93B}.Release|Any CPU.ActiveCfg = Release|Any CPU
		{50D0BF05-8E4B-4E6F-89BC-C4B8D2C2A93B}.Release|Any CPU.Build.0 = Release|Any CPU
		{5343622F-8E0C-4E95-B392-37808F2F6D23}.Debug|Any CPU.ActiveCfg = Debug|Any CPU
		{5343622F-8E0C-4E95-B392-37808F2F6D23}.Debug|Any CPU.Build.0 = Debug|Any CPU
		{5343622F-8E0C-4E95-B392-37808F2F6D23}.Release|Any CPU.ActiveCfg = Release|Any CPU
		{5343622F-8E0C-4E95-B392-37808F2F6D23}.Release|Any CPU.Build.0 = Release|Any CPU
		{9543DE94-510E-44D9-ACAF-44742479A9AA}.Debug|Any CPU.ActiveCfg = Debug|Any CPU
		{9543DE94-510E-44D9-ACAF-44742479A9AA}.Debug|Any CPU.Build.0 = Debug|Any CPU
		{9543DE94-510E-44D9-ACAF-44742479A9AA}.Release|Any CPU.ActiveCfg = Release|Any CPU
		{9543DE94-510E-44D9-ACAF-44742479A9AA}.Release|Any CPU.Build.0 = Release|Any CPU
	EndGlobalSection
	GlobalSection(NestedProjects) = preSolution
		{3ED5C99B-157C-4D31-BB80-29CB0E4B856C} = {72750A1E-94C1-4A6C-9526-EBCE2F8CF003}
		{50D0BF05-8E4B-4E6F-89BC-C4B8D2C2A93B} = {AAD67273-A286-45DE-8C08-8BFB80A0C9F7}
		{5343622F-8E0C-4E95-B392-37808F2F6D23} = {11CA1841-E9EF-4804-8811-D3C873439F61}
		{9543DE94-510E-44D9-ACAF-44742479A9AA} = {E142667C-BB01-46F1-894C-88E44036B434}
	EndGlobalSection
EndGlobal
